
Microsoft Visual Studio Solution File, Format Version 12.00
# Visual Studio Version 16
VisualStudioVersion = 16.0.28803.452
MinimumVisualStudioVersion = 10.0.40219.1
Project("{FAE04EC0-301F-11D3-BF4B-00C04F79EFBC}") = "LemonadeStand", "LemonadeStand\LemonadeStand.csproj", "{066F21E8-C471-4E4D-82B5-1B0D82C558D4}"
EndProject
Global
	GlobalSection(SolutionConfigurationPlatforms) = preSolution
		Debug|Any CPU = Debug|Any CPU
		Release|Any CPU = Release|Any CPU
	EndGlobalSection
	GlobalSection(ProjectConfigurationPlatforms) = postSolution
		{066F21E8-C471-4E4D-82B5-1B0D82C558D4}.Debug|Any CPU.ActiveCfg = Debug|Any CPU
		{066F21E8-C471-4E4D-82B5-1B0D82C558D4}.Debug|Any CPU.Build.0 = Debug|Any CPU
		{066F21E8-C471-4E4D-82B5-1B0D82C558D4}.Release|Any CPU.ActiveCfg = Release|Any CPU
		{066F21E8-C471-4E4D-82B5-1B0D82C558D4}.Release|Any CPU.Build.0 = Release|Any CPU
	EndGlobalSection
	GlobalSection(SolutionProperties) = preSolution
		HideSolutionNode = FALSE
	EndGlobalSection
	GlobalSection(ExtensibilityGlobals) = postSolution
		SolutionGuid = {78952E43-4632-4775-B1AC-61EEEE8D5F2D}
	EndGlobalSection
EndGlobal
